
Microsoft Visual Studio Solution File, Format Version 12.00
# Visual Studio Version 16
VisualStudioVersion = 16.0.31613.86
MinimumVisualStudioVersion = 10.0.40219.1
Project("{9A19103F-16F7-4668-BE54-9A1E7A4F7556}") = "CalculatorCore", "CalculatorCore\CalculatorCore.csproj", "{4870E770-2524-4201-AB08-CF5A37A1A3E6}"
EndProject
Project("{FAE04EC0-301F-11D3-BF4B-00C04F79EFBC}") = "ConsoleView", "ConsoleView\ConsoleView.csproj", "{502842A0-26A8-4705-9031-5628AC3F676F}"
EndProject
Project("{FAE04EC0-301F-11D3-BF4B-00C04F79EFBC}") = "WpfView", "WpfView\WpfView.csproj", "{8FC6A0AC-9A34-49D7-9E8D-E158DD1A487F}"
EndProject
Global
	GlobalSection(SolutionConfigurationPlatforms) = preSolution
		Debug|Any CPU = Debug|Any CPU
		Release|Any CPU = Release|Any CPU
	EndGlobalSection
	GlobalSection(ProjectConfigurationPlatforms) = postSolution
		{4870E770-2524-4201-AB08-CF5A37A1A3E6}.Debug|Any CPU.ActiveCfg = Debug|Any CPU
		{4870E770-2524-4201-AB08-CF5A37A1A3E6}.Debug|Any CPU.Build.0 = Debug|Any CPU
		{4870E770-2524-4201-AB08-CF5A37A1A3E6}.Release|Any CPU.ActiveCfg = Release|Any CPU
		{4870E770-2524-4201-AB08-CF5A37A1A3E6}.Release|Any CPU.Build.0 = Release|Any CPU
		{502842A0-26A8-4705-9031-5628AC3F676F}.Debug|Any CPU.ActiveCfg = Debug|Any CPU
		{502842A0-26A8-4705-9031-5628AC3F676F}.Debug|Any CPU.Build.0 = Debug|Any CPU
		{502842A0-26A8-4705-9031-5628AC3F676F}.Release|Any CPU.ActiveCfg = Release|Any CPU
		{502842A0-26A8-4705-9031-5628AC3F676F}.Release|Any CPU.Build.0 = Release|Any CPU
		{8FC6A0AC-9A34-49D7-9E8D-E158DD1A487F}.Debug|Any CPU.ActiveCfg = Debug|Any CPU
		{8FC6A0AC-9A34-49D7-9E8D-E158DD1A487F}.Debug|Any CPU.Build.0 = Debug|Any CPU
		{8FC6A0AC-9A34-49D7-9E8D-E158DD1A487F}.Release|Any CPU.ActiveCfg = Release|Any CPU
		{8FC6A0AC-9A34-49D7-9E8D-E158DD1A487F}.Release|Any CPU.Build.0 = Release|Any CPU
	EndGlobalSection
	GlobalSection(SolutionProperties) = preSolution
		HideSolutionNode = FALSE
	EndGlobalSection
	GlobalSection(ExtensibilityGlobals) = postSolution
		SolutionGuid = {EC4AAC14-55C9-4558-BAD1-93426E66AFFC}
	EndGlobalSection
EndGlobal
